
Microsoft Visual Studio Solution File, Format Version 12.00
# Visual Studio Version 17
VisualStudioVersion = 17.3.32804.467
MinimumVisualStudioVersion = 10.0.40219.1
Project("{FAE04EC0-301F-11D3-BF4B-00C04F79EFBC}") = "calculadora", "calculadora\calculadora.csproj", "{68AB6325-4355-416D-A18F-C6C0405428C2}"
EndProject
Global
	GlobalSection(SolutionConfigurationPlatforms) = preSolution
		Debug|Any CPU = Debug|Any CPU
		Release|Any CPU = Release|Any CPU
	EndGlobalSection
	GlobalSection(ProjectConfigurationPlatforms) = postSolution
		{68AB6325-4355-416D-A18F-C6C0405428C2}.Debug|Any CPU.ActiveCfg = Debug|Any CPU
		{68AB6325-4355-416D-A18F-C6C0405428C2}.Debug|Any CPU.Build.0 = Debug|Any CPU
		{68AB6325-4355-416D-A18F-C6C0405428C2}.Release|Any CPU.ActiveCfg = Release|Any CPU
		{68AB6325-4355-416D-A18F-C6C0405428C2}.Release|Any CPU.Build.0 = Release|Any CPU
	EndGlobalSection
	GlobalSection(SolutionProperties) = preSolution
		HideSolutionNode = FALSE
	EndGlobalSection
	GlobalSection(ExtensibilityGlobals) = postSolution
		SolutionGuid = {C44666A9-70D6-4255-9C98-829A57216BC5}
	EndGlobalSection
EndGlobal
